
Microsoft Visual Studio Solution File, Format Version 12.00
# Visual Studio Version 17
VisualStudioVersion = 17.3.32929.385
MinimumVisualStudioVersion = 10.0.40219.1
Project("{9A19103F-16F7-4668-BE54-9A1E7A4F7556}") = "Ng911LibUnitTests", "Ng911LibUnitTests.csproj", "{6BB930D5-FDA4-4B4C-B641-0E724601F8FA}"
EndProject
Project("{FAE04EC0-301F-11D3-BF4B-00C04F79EFBC}") = "Ng911Lib", "..\..\ClassLibrary\Ng911Lib.csproj", "{78C71A3E-6FA3-64AA-ED59-202B6204330B}"
EndProject
Global
	GlobalSection(SolutionConfigurationPlatforms) = preSolution
		Debug|Any CPU = Debug|Any CPU
		Release|Any CPU = Release|Any CPU
	EndGlobalSection
	GlobalSection(ProjectConfigurationPlatforms) = postSolution
		{6BB930D5-FDA4-4B4C-B641-0E724601F8FA}.Debug|Any CPU.ActiveCfg = Debug|Any CPU
		{6BB930D5-FDA4-4B4C-B641-0E724601F8FA}.Debug|Any CPU.Build.0 = Debug|Any CPU
		{6BB930D5-FDA4-4B4C-B641-0E724601F8FA}.Release|Any CPU.ActiveCfg = Release|Any CPU
		{6BB930D5-FDA4-4B4C-B641-0E724601F8FA}.Release|Any CPU.Build.0 = Release|Any CPU
		{78C71A3E-6FA3-64AA-ED59-202B6204330B}.Debug|Any CPU.ActiveCfg = Debug|Any CPU
		{78C71A3E-6FA3-64AA-ED59-202B6204330B}.Debug|Any CPU.Build.0 = Debug|Any CPU
		{78C71A3E-6FA3-64AA-ED59-202B6204330B}.Release|Any CPU.ActiveCfg = Release|Any CPU
		{78C71A3E-6FA3-64AA-ED59-202B6204330B}.Release|Any CPU.Build.0 = Release|Any CPU
	EndGlobalSection
	GlobalSection(SolutionProperties) = preSolution
		HideSolutionNode = FALSE
	EndGlobalSection
	GlobalSection(ExtensibilityGlobals) = postSolution
		SolutionGuid = {F2A8B9C6-2C25-4F5B-8B87-E1DE242D350D}
	EndGlobalSection
EndGlobal
